
Microsoft Visual Studio Solution File, Format Version 12.00
# Visual Studio 15
Project("{FAE04EC0-301F-11D3-BF4B-00C04F79EFBC}") = "task1", "task1\task1.csproj", "{B14153FE-EACB-44C9-918A-D870CFAA030A}"
EndProject
Global
	GlobalSection(SolutionConfigurationPlatforms) = preSolution
		Debug|anycpu = Debug|anycpu
		Release|anycpu = Release|anycpu
	EndGlobalSection
	GlobalSection(ProjectConfigurationPlatforms) = postSolution
		{B14153FE-EACB-44C9-918A-D870CFAA030A}.Debug|anycpu.ActiveCfg = Debug|anycpu
		{B14153FE-EACB-44C9-918A-D870CFAA030A}.Debug|anycpu.Build.0 = Debug|anycpu
		{B14153FE-EACB-44C9-918A-D870CFAA030A}.Release|anycpu.ActiveCfg = Release|anycpu
		{B14153FE-EACB-44C9-918A-D870CFAA030A}.Release|anycpu.Build.0 = Release|anycpu
	EndGlobalSection
EndGlobal
