
Microsoft Visual Studio Solution File, Format Version 12.00
# Visual Studio 15
Project("{FAE04EC0-301F-11D3-BF4B-00C04F79EFBC}") = "task1", "task1\task1.csproj", "{E066EC5B-197C-40B5-B9A2-59B13A045484}"
EndProject
Global
	GlobalSection(SolutionConfigurationPlatforms) = preSolution
		Debug|anycpu = Debug|anycpu
		Release|anycpu = Release|anycpu
	EndGlobalSection
	GlobalSection(ProjectConfigurationPlatforms) = postSolution
		{E066EC5B-197C-40B5-B9A2-59B13A045484}.Debug|anycpu.ActiveCfg = Debug|anycpu
		{E066EC5B-197C-40B5-B9A2-59B13A045484}.Debug|anycpu.Build.0 = Debug|anycpu
		{E066EC5B-197C-40B5-B9A2-59B13A045484}.Release|anycpu.ActiveCfg = Release|anycpu
		{E066EC5B-197C-40B5-B9A2-59B13A045484}.Release|anycpu.Build.0 = Release|anycpu
	EndGlobalSection
EndGlobal
