
Microsoft Visual Studio Solution File, Format Version 12.00
# Visual Studio 15
Project("{FAE04EC0-301F-11D3-BF4B-00C04F79EFBC}") = "lab3", "lab3\lab3.csproj", "{78F6B898-83E3-4AA6-AD92-2AC6F63DF312}"
EndProject
Global
	GlobalSection(SolutionConfigurationPlatforms) = preSolution
		Debug|anycpu = Debug|anycpu
		Release|anycpu = Release|anycpu
	EndGlobalSection
	GlobalSection(ProjectConfigurationPlatforms) = postSolution
		{78F6B898-83E3-4AA6-AD92-2AC6F63DF312}.Debug|anycpu.ActiveCfg = Debug|anycpu
		{78F6B898-83E3-4AA6-AD92-2AC6F63DF312}.Debug|anycpu.Build.0 = Debug|anycpu
		{78F6B898-83E3-4AA6-AD92-2AC6F63DF312}.Release|anycpu.ActiveCfg = Release|anycpu
		{78F6B898-83E3-4AA6-AD92-2AC6F63DF312}.Release|anycpu.Build.0 = Release|anycpu
	EndGlobalSection
EndGlobal
